
Microsoft Visual Studio Solution File, Format Version 12.00
# Visual Studio 15
VisualStudioVersion = 15.0.28307.572
MinimumVisualStudioVersion = 10.0.40219.1
Project("{FAE04EC0-301F-11D3-BF4B-00C04F79EFBC}") = "WPFProject02_GamePuzzle", "WPFProject02_GamePuzzle\WPFProject02_GamePuzzle.csproj", "{4410762D-91D0-461E-9D28-F0A073412D50}"
EndProject
Global
	GlobalSection(SolutionConfigurationPlatforms) = preSolution
		Debug|Any CPU = Debug|Any CPU
		Release|Any CPU = Release|Any CPU
	EndGlobalSection
	GlobalSection(ProjectConfigurationPlatforms) = postSolution
		{4410762D-91D0-461E-9D28-F0A073412D50}.Debug|Any CPU.ActiveCfg = Debug|Any CPU
		{4410762D-91D0-461E-9D28-F0A073412D50}.Debug|Any CPU.Build.0 = Debug|Any CPU
		{4410762D-91D0-461E-9D28-F0A073412D50}.Release|Any CPU.ActiveCfg = Release|Any CPU
		{4410762D-91D0-461E-9D28-F0A073412D50}.Release|Any CPU.Build.0 = Release|Any CPU
	EndGlobalSection
	GlobalSection(SolutionProperties) = preSolution
		HideSolutionNode = FALSE
	EndGlobalSection
	GlobalSection(ExtensibilityGlobals) = postSolution
		SolutionGuid = {DADC74E0-2316-4050-80C2-6ECAD6FBDAC1}
	EndGlobalSection
EndGlobal
